
Microsoft Visual Studio Solution File, Format Version 12.00
# Visual Studio Version 17
VisualStudioVersion = 17.3.32804.467
MinimumVisualStudioVersion = 10.0.40219.1
Project("{9A19103F-16F7-4668-BE54-9A1E7A4F7556}") = "Gym.Shared", "Gym.Shared\Gym.Shared.csproj", "{F7AF36B4-878F-4870-A215-B240A63C085C}"
EndProject
Project("{9A19103F-16F7-4668-BE54-9A1E7A4F7556}") = "Gym.API", "Gym.API\Gym.API.csproj", "{68CA285B-72DE-42EF-81BD-9798619CF0F8}"
EndProject
Project("{9A19103F-16F7-4668-BE54-9A1E7A4F7556}") = "Gym.Web", "Gym.Web\Gym.Web.csproj", "{BED03100-56A5-42B4-AB0E-42DE93A84E4D}"
EndProject
Project("{2150E333-8FDC-42A3-9474-1A3956D46DE8}") = "Solution Items", "Solution Items", "{85099A34-4BEC-49FA-8410-0EDABD59C977}"
	ProjectSection(SolutionItems) = preProject
		.editorconfig = .editorconfig
	EndProjectSection
EndProject
Global
	GlobalSection(SolutionConfigurationPlatforms) = preSolution
		Debug|Any CPU = Debug|Any CPU
		Release|Any CPU = Release|Any CPU
	EndGlobalSection
	GlobalSection(ProjectConfigurationPlatforms) = postSolution
		{F7AF36B4-878F-4870-A215-B240A63C085C}.Debug|Any CPU.ActiveCfg = Debug|Any CPU
		{F7AF36B4-878F-4870-A215-B240A63C085C}.Debug|Any CPU.Build.0 = Debug|Any CPU
		{F7AF36B4-878F-4870-A215-B240A63C085C}.Release|Any CPU.ActiveCfg = Release|Any CPU
		{F7AF36B4-878F-4870-A215-B240A63C085C}.Release|Any CPU.Build.0 = Release|Any CPU
		{68CA285B-72DE-42EF-81BD-9798619CF0F8}.Debug|Any CPU.ActiveCfg = Debug|Any CPU
		{68CA285B-72DE-42EF-81BD-9798619CF0F8}.Debug|Any CPU.Build.0 = Debug|Any CPU
		{68CA285B-72DE-42EF-81BD-9798619CF0F8}.Release|Any CPU.ActiveCfg = Release|Any CPU
		{68CA285B-72DE-42EF-81BD-9798619CF0F8}.Release|Any CPU.Build.0 = Release|Any CPU
		{BED03100-56A5-42B4-AB0E-42DE93A84E4D}.Debug|Any CPU.ActiveCfg = Debug|Any CPU
		{BED03100-56A5-42B4-AB0E-42DE93A84E4D}.Debug|Any CPU.Build.0 = Debug|Any CPU
		{BED03100-56A5-42B4-AB0E-42DE93A84E4D}.Release|Any CPU.ActiveCfg = Release|Any CPU
		{BED03100-56A5-42B4-AB0E-42DE93A84E4D}.Release|Any CPU.Build.0 = Release|Any CPU
	EndGlobalSection
	GlobalSection(SolutionProperties) = preSolution
		HideSolutionNode = FALSE
	EndGlobalSection
	GlobalSection(ExtensibilityGlobals) = postSolution
		SolutionGuid = {2F288F92-81D3-485F-BCD3-800FB4A2DF07}
	EndGlobalSection
EndGlobal
